
Microsoft Visual Studio Solution File, Format Version 12.00
# Visual Studio Version 17
VisualStudioVersion = 17.9.34723.18
MinimumVisualStudioVersion = 10.0.40219.1
Project("{8BC9CEB8-8B4A-11D0-8D11-00A0C91BC942}") = "Pertemuan 11.1", "Pertemuan 11.1\Pertemuan 11.1.vcxproj", "{905A2A41-8198-4B84-BD0F-53410FF97A13}"
EndProject
Project("{8BC9CEB8-8B4A-11D0-8D11-00A0C91BC942}") = "Pertemuan 11.2 (no overiding)", "Pertemuan 11.2 (no overiding)\Pertemuan 11.2 (no overiding).vcxproj", "{7C9AE06B-D2C5-45E4-A9E0-798127F41B3B}"
EndProject
Project("{8BC9CEB8-8B4A-11D0-8D11-00A0C91BC942}") = "Pertemuan 11.3 (noPewarisan)", "Pertemuan 11.3 (noPewarisan)\Pertemuan 11.3 (noPewarisan).vcxproj", "{0629ADA7-B643-4349-A142-4CB83A319000}"
EndProject
Project("{8BC9CEB8-8B4A-11D0-8D11-00A0C91BC942}") = "Pertemuan 11.4 (enkapsulasi)", "Pertemuan 11.4 (enkapsulasi)\Pertemuan 11.4 (enkapsulasi).vcxproj", "{0791E305-29D6-4BBD-9E17-D306DF51FFFF}"
EndProject
Project("{8BC9CEB8-8B4A-11D0-8D11-00A0C91BC942}") = "Pertemuan 11.5 (abstraksi)", "Pertemuan 11.5 (abstraksi)\Pertemuan 11.5 (abstraksi).vcxproj", "{C33CECE7-B694-4782-ACDA-D3E31D0DE821}"
EndProject
Project("{8BC9CEB8-8B4A-11D0-8D11-00A0C91BC942}") = "Pertemuan 11.6 (abstraksi header)", "Pertemuan 11.6 (abstraksi header)\Pertemuan 11.6 (abstraksi header).vcxproj", "{B243A383-A0EE-4759-AE71-37E273C515C3}"
EndProject
Global
	GlobalSection(SolutionConfigurationPlatforms) = preSolution
		Debug|x64 = Debug|x64
		Debug|x86 = Debug|x86
		Release|x64 = Release|x64
		Release|x86 = Release|x86
	EndGlobalSection
	GlobalSection(ProjectConfigurationPlatforms) = postSolution
		{905A2A41-8198-4B84-BD0F-53410FF97A13}.Debug|x64.ActiveCfg = Debug|x64
		{905A2A41-8198-4B84-BD0F-53410FF97A13}.Debug|x64.Build.0 = Debug|x64
		{905A2A41-8198-4B84-BD0F-53410FF97A13}.Debug|x86.ActiveCfg = Debug|Win32
		{905A2A41-8198-4B84-BD0F-53410FF97A13}.Debug|x86.Build.0 = Debug|Win32
		{905A2A41-8198-4B84-BD0F-53410FF97A13}.Release|x64.ActiveCfg = Release|x64
		{905A2A41-8198-4B84-BD0F-53410FF97A13}.Release|x64.Build.0 = Release|x64
		{905A2A41-8198-4B84-BD0F-53410FF97A13}.Release|x86.ActiveCfg = Release|Win32
		{905A2A41-8198-4B84-BD0F-53410FF97A13}.Release|x86.Build.0 = Release|Win32
		{7C9AE06B-D2C5-45E4-A9E0-798127F41B3B}.Debug|x64.ActiveCfg = Debug|x64
		{7C9AE06B-D2C5-45E4-A9E0-798127F41B3B}.Debug|x64.Build.0 = Debug|x64
		{7C9AE06B-D2C5-45E4-A9E0-798127F41B3B}.Debug|x86.ActiveCfg = Debug|Win32
		{7C9AE06B-D2C5-45E4-A9E0-798127F41B3B}.Debug|x86.Build.0 = Debug|Win32
		{7C9AE06B-D2C5-45E4-A9E0-798127F41B3B}.Release|x64.ActiveCfg = Release|x64
		{7C9AE06B-D2C5-45E4-A9E0-798127F41B3B}.Release|x64.Build.0 = Release|x64
		{7C9AE06B-D2C5-45E4-A9E0-798127F41B3B}.Release|x86.ActiveCfg = Release|Win32
		{7C9AE06B-D2C5-45E4-A9E0-798127F41B3B}.Release|x86.Build.0 = Release|Win32
		{0629ADA7-B643-4349-A142-4CB83A319000}.Debug|x64.ActiveCfg = Debug|x64
		{0629ADA7-B643-4349-A142-4CB83A319000}.Debug|x64.Build.0 = Debug|x64
		{0629ADA7-B643-4349-A142-4CB83A319000}.Debug|x86.ActiveCfg = Debug|Win32
		{0629ADA7-B643-4349-A142-4CB83A319000}.Debug|x86.Build.0 = Debug|Win32
		{0629ADA7-B643-4349-A142-4CB83A319000}.Release|x64.ActiveCfg = Release|x64
		{0629ADA7-B643-4349-A142-4CB83A319000}.Release|x64.Build.0 = Release|x64
		{0629ADA7-B643-4349-A142-4CB83A319000}.Release|x86.ActiveCfg = Release|Win32
		{0629ADA7-B643-4349-A142-4CB83A319000}.Release|x86.Build.0 = Release|Win32
		{0791E305-29D6-4BBD-9E17-D306DF51FFFF}.Debug|x64.ActiveCfg = Debug|x64
		{0791E305-29D6-4BBD-9E17-D306DF51FFFF}.Debug|x64.Build.0 = Debug|x64
		{0791E305-29D6-4BBD-9E17-D306DF51FFFF}.Debug|x86.ActiveCfg = Debug|Win32
		{0791E305-29D6-4BBD-9E17-D306DF51FFFF}.Debug|x86.Build.0 = Debug|Win32
		{0791E305-29D6-4BBD-9E17-D306DF51FFFF}.Release|x64.ActiveCfg = Release|x64
		{0791E305-29D6-4BBD-9E17-D306DF51FFFF}.Release|x64.Build.0 = Release|x64
		{0791E305-29D6-4BBD-9E17-D306DF51FFFF}.Release|x86.ActiveCfg = Release|Win32
		{0791E305-29D6-4BBD-9E17-D306DF51FFFF}.Release|x86.Build.0 = Release|Win32
		{C33CECE7-B694-4782-ACDA-D3E31D0DE821}.Debug|x64.ActiveCfg = Debug|x64
		{C33CECE7-B694-4782-ACDA-D3E31D0DE821}.Debug|x64.Build.0 = Debug|x64
		{C33CECE7-B694-4782-ACDA-D3E31D0DE821}.Debug|x86.ActiveCfg = Debug|Win32
		{C33CECE7-B694-4782-ACDA-D3E31D0DE821}.Debug|x86.Build.0 = Debug|Win32
		{C33CECE7-B694-4782-ACDA-D3E31D0DE821}.Release|x64.ActiveCfg = Release|x64
		{C33CECE7-B694-4782-ACDA-D3E31D0DE821}.Release|x64.Build.0 = Release|x64
		{C33CECE7-B694-4782-ACDA-D3E31D0DE821}.Release|x86.ActiveCfg = Release|Win32
		{C33CECE7-B694-4782-ACDA-D3E31D0DE821}.Release|x86.Build.0 = Release|Win32
		{B243A383-A0EE-4759-AE71-37E273C515C3}.Debug|x64.ActiveCfg = Debug|x64
		{B243A383-A0EE-4759-AE71-37E273C515C3}.Debug|x64.Build.0 = Debug|x64
		{B243A383-A0EE-4759-AE71-37E273C515C3}.Debug|x86.ActiveCfg = Debug|Win32
		{B243A383-A0EE-4759-AE71-37E273C515C3}.Debug|x86.Build.0 = Debug|Win32
		{B243A383-A0EE-4759-AE71-37E273C515C3}.Release|x64.ActiveCfg = Release|x64
		{B243A383-A0EE-4759-AE71-37E273C515C3}.Release|x64.Build.0 = Release|x64
		{B243A383-A0EE-4759-AE71-37E273C515C3}.Release|x86.ActiveCfg = Release|Win32
		{B243A383-A0EE-4759-AE71-37E273C515C3}.Release|x86.Build.0 = Release|Win32
	EndGlobalSection
	GlobalSection(SolutionProperties) = preSolution
		HideSolutionNode = FALSE
	EndGlobalSection
	GlobalSection(ExtensibilityGlobals) = postSolution
		SolutionGuid = {BE8065DA-C749-4E0E-9E7D-8B393E674DAC}
	EndGlobalSection
EndGlobal
